
Microsoft Visual Studio Solution File, Format Version 12.00
# Visual Studio 2013
VisualStudioVersion = 12.0.31101.0
MinimumVisualStudioVersion = 10.0.40219.1
Project("{2150E333-8FDC-42A3-9474-1A3956D46DE8}") = "UI", "UI", "{7751643C-BDFA-4C73-A292-0885A39E2D9B}"
EndProject
Project("{FAE04EC0-301F-11D3-BF4B-00C04F79EFBC}") = "XFormsCrossTemplate.UI", "UI\XFormsCrossTemplate.UI\XFormsCrossTemplate.UI.csproj", "{4B027E66-6FAD-4B51-9E3F-6EE788C6BDD1}"
EndProject
Project("{FAE04EC0-301F-11D3-BF4B-00C04F79EFBC}") = "XFormsCrossTemplate.UI.Droid", "UI\XFormsCrossTemplate.UI.Droid\XFormsCrossTemplate.UI.Droid.csproj", "{A7359EB2-F981-4B7E-BBFC-5B32BA9D1A4A}"
EndProject
Project("{FAE04EC0-301F-11D3-BF4B-00C04F79EFBC}") = "XFormsCrossTemplate.UI.iOS", "UI\XFormsCrossTemplate.UI.iOS\XFormsCrossTemplate.UI.iOS.csproj", "{B1A37817-4B87-449C-845A-7564E2947867}"
EndProject
Project("{FAE04EC0-301F-11D3-BF4B-00C04F79EFBC}") = "XFormsCrossTemplate.UI.WinPhone", "UI\XFormsCrossTemplate.UI.WinPhone\XFormsCrossTemplate.UI.WinPhone.csproj", "{BAB57C5C-48AF-4183-98A3-0371AB4C9A44}"
EndProject
Project("{2150E333-8FDC-42A3-9474-1A3956D46DE8}") = ".nuget", ".nuget", "{B7822173-D841-43DC-81CB-4BF0B9B3E050}"
	ProjectSection(SolutionItems) = preProject
		.nuget\NuGet.Config = .nuget\NuGet.Config
		.nuget\NuGet.exe = .nuget\NuGet.exe
		.nuget\NuGet.targets = .nuget\NuGet.targets
	EndProjectSection
EndProject
Global
	GlobalSection(SolutionConfigurationPlatforms) = preSolution
		Ad-Hoc|Any CPU = Ad-Hoc|Any CPU
		Ad-Hoc|ARM = Ad-Hoc|ARM
		Ad-Hoc|iPhone = Ad-Hoc|iPhone
		Ad-Hoc|iPhoneSimulator = Ad-Hoc|iPhoneSimulator
		Ad-Hoc|Mixed Platforms = Ad-Hoc|Mixed Platforms
		Ad-Hoc|x86 = Ad-Hoc|x86
		AppStore|Any CPU = AppStore|Any CPU
		AppStore|ARM = AppStore|ARM
		AppStore|iPhone = AppStore|iPhone
		AppStore|iPhoneSimulator = AppStore|iPhoneSimulator
		AppStore|Mixed Platforms = AppStore|Mixed Platforms
		AppStore|x86 = AppStore|x86
		Debug|Any CPU = Debug|Any CPU
		Debug|ARM = Debug|ARM
		Debug|iPhone = Debug|iPhone
		Debug|iPhoneSimulator = Debug|iPhoneSimulator
		Debug|Mixed Platforms = Debug|Mixed Platforms
		Debug|x86 = Debug|x86
		Release|Any CPU = Release|Any CPU
		Release|ARM = Release|ARM
		Release|iPhone = Release|iPhone
		Release|iPhoneSimulator = Release|iPhoneSimulator
		Release|Mixed Platforms = Release|Mixed Platforms
		Release|x86 = Release|x86
	EndGlobalSection
	GlobalSection(ProjectConfigurationPlatforms) = postSolution
		{4B027E66-6FAD-4B51-9E3F-6EE788C6BDD1}.Ad-Hoc|Any CPU.ActiveCfg = Release|Any CPU
		{4B027E66-6FAD-4B51-9E3F-6EE788C6BDD1}.Ad-Hoc|Any CPU.Build.0 = Release|Any CPU
		{4B027E66-6FAD-4B51-9E3F-6EE788C6BDD1}.Ad-Hoc|ARM.ActiveCfg = Release|Any CPU
		{4B027E66-6FAD-4B51-9E3F-6EE788C6BDD1}.Ad-Hoc|iPhone.ActiveCfg = Release|Any CPU
		{4B027E66-6FAD-4B51-9E3F-6EE788C6BDD1}.Ad-Hoc|iPhoneSimulator.ActiveCfg = Release|Any CPU
		{4B027E66-6FAD-4B51-9E3F-6EE788C6BDD1}.Ad-Hoc|Mixed Platforms.ActiveCfg = Release|Any CPU
		{4B027E66-6FAD-4B51-9E3F-6EE788C6BDD1}.Ad-Hoc|Mixed Platforms.Build.0 = Release|Any CPU
		{4B027E66-6FAD-4B51-9E3F-6EE788C6BDD1}.Ad-Hoc|x86.ActiveCfg = Release|Any CPU
		{4B027E66-6FAD-4B51-9E3F-6EE788C6BDD1}.AppStore|Any CPU.ActiveCfg = Release|Any CPU
		{4B027E66-6FAD-4B51-9E3F-6EE788C6BDD1}.AppStore|Any CPU.Build.0 = Release|Any CPU
		{4B027E66-6FAD-4B51-9E3F-6EE788C6BDD1}.AppStore|ARM.ActiveCfg = Release|Any CPU
		{4B027E66-6FAD-4B51-9E3F-6EE788C6BDD1}.AppStore|iPhone.ActiveCfg = Release|Any CPU
		{4B027E66-6FAD-4B51-9E3F-6EE788C6BDD1}.AppStore|iPhoneSimulator.ActiveCfg = Release|Any CPU
		{4B027E66-6FAD-4B51-9E3F-6EE788C6BDD1}.AppStore|Mixed Platforms.ActiveCfg = Release|Any CPU
		{4B027E66-6FAD-4B51-9E3F-6EE788C6BDD1}.AppStore|Mixed Platforms.Build.0 = Release|Any CPU
		{4B027E66-6FAD-4B51-9E3F-6EE788C6BDD1}.AppStore|x86.ActiveCfg = Release|Any CPU
		{4B027E66-6FAD-4B51-9E3F-6EE788C6BDD1}.Debug|Any CPU.ActiveCfg = Debug|Any CPU
		{4B027E66-6FAD-4B51-9E3F-6EE788C6BDD1}.Debug|Any CPU.Build.0 = Debug|Any CPU
		{4B027E66-6FAD-4B51-9E3F-6EE788C6BDD1}.Debug|ARM.ActiveCfg = Debug|Any CPU
		{4B027E66-6FAD-4B51-9E3F-6EE788C6BDD1}.Debug|iPhone.ActiveCfg = Debug|Any CPU
		{4B027E66-6FAD-4B51-9E3F-6EE788C6BDD1}.Debug|iPhoneSimulator.ActiveCfg = Debug|Any CPU
		{4B027E66-6FAD-4B51-9E3F-6EE788C6BDD1}.Debug|Mixed Platforms.ActiveCfg = Debug|Any CPU
		{4B027E66-6FAD-4B51-9E3F-6EE788C6BDD1}.Debug|Mixed Platforms.Build.0 = Debug|Any CPU
		{4B027E66-6FAD-4B51-9E3F-6EE788C6BDD1}.Debug|x86.ActiveCfg = Debug|Any CPU
		{4B027E66-6FAD-4B51-9E3F-6EE788C6BDD1}.Release|Any CPU.ActiveCfg = Release|Any CPU
		{4B027E66-6FAD-4B51-9E3F-6EE788C6BDD1}.Release|Any CPU.Build.0 = Release|Any CPU
		{4B027E66-6FAD-4B51-9E3F-6EE788C6BDD1}.Release|ARM.ActiveCfg = Release|Any CPU
		{4B027E66-6FAD-4B51-9E3F-6EE788C6BDD1}.Release|iPhone.ActiveCfg = Release|Any CPU
		{4B027E66-6FAD-4B51-9E3F-6EE788C6BDD1}.Release|iPhoneSimulator.ActiveCfg = Release|Any CPU
		{4B027E66-6FAD-4B51-9E3F-6EE788C6BDD1}.Release|Mixed Platforms.ActiveCfg = Release|Any CPU
		{4B027E66-6FAD-4B51-9E3F-6EE788C6BDD1}.Release|Mixed Platforms.Build.0 = Release|Any CPU
		{4B027E66-6FAD-4B51-9E3F-6EE788C6BDD1}.Release|x86.ActiveCfg = Release|Any CPU
		{A7359EB2-F981-4B7E-BBFC-5B32BA9D1A4A}.Ad-Hoc|Any CPU.ActiveCfg = Release|Any CPU
		{A7359EB2-F981-4B7E-BBFC-5B32BA9D1A4A}.Ad-Hoc|Any CPU.Build.0 = Release|Any CPU
		{A7359EB2-F981-4B7E-BBFC-5B32BA9D1A4A}.Ad-Hoc|Any CPU.Deploy.0 = Release|Any CPU
		{A7359EB2-F981-4B7E-BBFC-5B32BA9D1A4A}.Ad-Hoc|ARM.ActiveCfg = Release|Any CPU
		{A7359EB2-F981-4B7E-BBFC-5B32BA9D1A4A}.Ad-Hoc|iPhone.ActiveCfg = Release|Any CPU
		{A7359EB2-F981-4B7E-BBFC-5B32BA9D1A4A}.Ad-Hoc|iPhoneSimulator.ActiveCfg = Release|Any CPU
		{A7359EB2-F981-4B7E-BBFC-5B32BA9D1A4A}.Ad-Hoc|Mixed Platforms.ActiveCfg = Release|Any CPU
		{A7359EB2-F981-4B7E-BBFC-5B32BA9D1A4A}.Ad-Hoc|Mixed Platforms.Build.0 = Release|Any CPU
		{A7359EB2-F981-4B7E-BBFC-5B32BA9D1A4A}.Ad-Hoc|Mixed Platforms.Deploy.0 = Release|Any CPU
		{A7359EB2-F981-4B7E-BBFC-5B32BA9D1A4A}.Ad-Hoc|x86.ActiveCfg = Release|Any CPU
		{A7359EB2-F981-4B7E-BBFC-5B32BA9D1A4A}.AppStore|Any CPU.ActiveCfg = Release|Any CPU
		{A7359EB2-F981-4B7E-BBFC-5B32BA9D1A4A}.AppStore|Any CPU.Build.0 = Release|Any CPU
		{A7359EB2-F981-4B7E-BBFC-5B32BA9D1A4A}.AppStore|Any CPU.Deploy.0 = Release|Any CPU
		{A7359EB2-F981-4B7E-BBFC-5B32BA9D1A4A}.AppStore|ARM.ActiveCfg = Release|Any CPU
		{A7359EB2-F981-4B7E-BBFC-5B32BA9D1A4A}.AppStore|iPhone.ActiveCfg = Release|Any CPU
		{A7359EB2-F981-4B7E-BBFC-5B32BA9D1A4A}.AppStore|iPhoneSimulator.ActiveCfg = Release|Any CPU
		{A7359EB2-F981-4B7E-BBFC-5B32BA9D1A4A}.AppStore|Mixed Platforms.ActiveCfg = Release|Any CPU
		{A7359EB2-F981-4B7E-BBFC-5B32BA9D1A4A}.AppStore|Mixed Platforms.Build.0 = Release|Any CPU
		{A7359EB2-F981-4B7E-BBFC-5B32BA9D1A4A}.AppStore|Mixed Platforms.Deploy.0 = Release|Any CPU
		{A7359EB2-F981-4B7E-BBFC-5B32BA9D1A4A}.AppStore|x86.ActiveCfg = Release|Any CPU
		{A7359EB2-F981-4B7E-BBFC-5B32BA9D1A4A}.Debug|Any CPU.ActiveCfg = Debug|Any CPU
		{A7359EB2-F981-4B7E-BBFC-5B32BA9D1A4A}.Debug|Any CPU.Build.0 = Debug|Any CPU
		{A7359EB2-F981-4B7E-BBFC-5B32BA9D1A4A}.Debug|Any CPU.Deploy.0 = Debug|Any CPU
		{A7359EB2-F981-4B7E-BBFC-5B32BA9D1A4A}.Debug|ARM.ActiveCfg = Debug|Any CPU
		{A7359EB2-F981-4B7E-BBFC-5B32BA9D1A4A}.Debug|iPhone.ActiveCfg = Debug|Any CPU
		{A7359EB2-F981-4B7E-BBFC-5B32BA9D1A4A}.Debug|iPhoneSimulator.ActiveCfg = Debug|Any CPU
		{A7359EB2-F981-4B7E-BBFC-5B32BA9D1A4A}.Debug|Mixed Platforms.ActiveCfg = Debug|Any CPU
		{A7359EB2-F981-4B7E-BBFC-5B32BA9D1A4A}.Debug|Mixed Platforms.Build.0 = Debug|Any CPU
		{A7359EB2-F981-4B7E-BBFC-5B32BA9D1A4A}.Debug|Mixed Platforms.Deploy.0 = Debug|Any CPU
		{A7359EB2-F981-4B7E-BBFC-5B32BA9D1A4A}.Debug|x86.ActiveCfg = Debug|Any CPU
		{A7359EB2-F981-4B7E-BBFC-5B32BA9D1A4A}.Release|Any CPU.ActiveCfg = Release|Any CPU
		{A7359EB2-F981-4B7E-BBFC-5B32BA9D1A4A}.Release|Any CPU.Build.0 = Release|Any CPU
		{A7359EB2-F981-4B7E-BBFC-5B32BA9D1A4A}.Release|Any CPU.Deploy.0 = Release|Any CPU
		{A7359EB2-F981-4B7E-BBFC-5B32BA9D1A4A}.Release|ARM.ActiveCfg = Release|Any CPU
		{A7359EB2-F981-4B7E-BBFC-5B32BA9D1A4A}.Release|iPhone.ActiveCfg = Release|Any CPU
		{A7359EB2-F981-4B7E-BBFC-5B32BA9D1A4A}.Release|iPhoneSimulator.ActiveCfg = Release|Any CPU
		{A7359EB2-F981-4B7E-BBFC-5B32BA9D1A4A}.Release|Mixed Platforms.ActiveCfg = Release|Any CPU
		{A7359EB2-F981-4B7E-BBFC-5B32BA9D1A4A}.Release|Mixed Platforms.Build.0 = Release|Any CPU
		{A7359EB2-F981-4B7E-BBFC-5B32BA9D1A4A}.Release|Mixed Platforms.Deploy.0 = Release|Any CPU
		{A7359EB2-F981-4B7E-BBFC-5B32BA9D1A4A}.Release|x86.ActiveCfg = Release|Any CPU
		{B1A37817-4B87-449C-845A-7564E2947867}.Ad-Hoc|Any CPU.ActiveCfg = Ad-Hoc|iPhone
		{B1A37817-4B87-449C-845A-7564E2947867}.Ad-Hoc|ARM.ActiveCfg = Ad-Hoc|iPhone
		{B1A37817-4B87-449C-845A-7564E2947867}.Ad-Hoc|iPhone.ActiveCfg = Ad-Hoc|iPhone
		{B1A37817-4B87-449C-845A-7564E2947867}.Ad-Hoc|iPhone.Build.0 = Ad-Hoc|iPhone
		{B1A37817-4B87-449C-845A-7564E2947867}.Ad-Hoc|iPhoneSimulator.ActiveCfg = Ad-Hoc|iPhoneSimulator
		{B1A37817-4B87-449C-845A-7564E2947867}.Ad-Hoc|iPhoneSimulator.Build.0 = Ad-Hoc|iPhoneSimulator
		{B1A37817-4B87-449C-845A-7564E2947867}.Ad-Hoc|Mixed Platforms.ActiveCfg = Ad-Hoc|iPhone
		{B1A37817-4B87-449C-845A-7564E2947867}.Ad-Hoc|Mixed Platforms.Build.0 = Ad-Hoc|iPhone
		{B1A37817-4B87-449C-845A-7564E2947867}.Ad-Hoc|x86.ActiveCfg = Ad-Hoc|iPhone
		{B1A37817-4B87-449C-845A-7564E2947867}.AppStore|Any CPU.ActiveCfg = AppStore|iPhone
		{B1A37817-4B87-449C-845A-7564E2947867}.AppStore|ARM.ActiveCfg = AppStore|iPhone
		{B1A37817-4B87-449C-845A-7564E2947867}.AppStore|iPhone.ActiveCfg = AppStore|iPhone
		{B1A37817-4B87-449C-845A-7564E2947867}.AppStore|iPhone.Build.0 = AppStore|iPhone
		{B1A37817-4B87-449C-845A-7564E2947867}.AppStore|iPhoneSimulator.ActiveCfg = AppStore|iPhoneSimulator
		{B1A37817-4B87-449C-845A-7564E2947867}.AppStore|iPhoneSimulator.Build.0 = AppStore|iPhoneSimulator
		{B1A37817-4B87-449C-845A-7564E2947867}.AppStore|Mixed Platforms.ActiveCfg = AppStore|iPhone
		{B1A37817-4B87-449C-845A-7564E2947867}.AppStore|Mixed Platforms.Build.0 = AppStore|iPhone
		{B1A37817-4B87-449C-845A-7564E2947867}.AppStore|x86.ActiveCfg = AppStore|iPhone
		{B1A37817-4B87-449C-845A-7564E2947867}.Debug|Any CPU.ActiveCfg = Debug|iPhone
		{B1A37817-4B87-449C-845A-7564E2947867}.Debug|ARM.ActiveCfg = Debug|iPhone
		{B1A37817-4B87-449C-845A-7564E2947867}.Debug|iPhone.ActiveCfg = Debug|iPhone
		{B1A37817-4B87-449C-845A-7564E2947867}.Debug|iPhone.Build.0 = Debug|iPhone
		{B1A37817-4B87-449C-845A-7564E2947867}.Debug|iPhoneSimulator.ActiveCfg = Debug|iPhoneSimulator
		{B1A37817-4B87-449C-845A-7564E2947867}.Debug|iPhoneSimulator.Build.0 = Debug|iPhoneSimulator
		{B1A37817-4B87-449C-845A-7564E2947867}.Debug|Mixed Platforms.ActiveCfg = Debug|iPhone
		{B1A37817-4B87-449C-845A-7564E2947867}.Debug|Mixed Platforms.Build.0 = Debug|iPhone
		{B1A37817-4B87-449C-845A-7564E2947867}.Debug|x86.ActiveCfg = Debug|iPhone
		{B1A37817-4B87-449C-845A-7564E2947867}.Release|Any CPU.ActiveCfg = Release|iPhone
		{B1A37817-4B87-449C-845A-7564E2947867}.Release|ARM.ActiveCfg = Release|iPhone
		{B1A37817-4B87-449C-845A-7564E2947867}.Release|iPhone.ActiveCfg = Release|iPhone
		{B1A37817-4B87-449C-845A-7564E2947867}.Release|iPhone.Build.0 = Release|iPhone
		{B1A37817-4B87-449C-845A-7564E2947867}.Release|iPhoneSimulator.ActiveCfg = Release|iPhoneSimulator
		{B1A37817-4B87-449C-845A-7564E2947867}.Release|iPhoneSimulator.Build.0 = Release|iPhoneSimulator
		{B1A37817-4B87-449C-845A-7564E2947867}.Release|Mixed Platforms.ActiveCfg = Release|iPhone
		{B1A37817-4B87-449C-845A-7564E2947867}.Release|Mixed Platforms.Build.0 = Release|iPhone
		{B1A37817-4B87-449C-845A-7564E2947867}.Release|x86.ActiveCfg = Release|iPhone
		{BAB57C5C-48AF-4183-98A3-0371AB4C9A44}.Ad-Hoc|Any CPU.ActiveCfg = Release|Any CPU
		{BAB57C5C-48AF-4183-98A3-0371AB4C9A44}.Ad-Hoc|Any CPU.Build.0 = Release|Any CPU
		{BAB57C5C-48AF-4183-98A3-0371AB4C9A44}.Ad-Hoc|Any CPU.Deploy.0 = Release|Any CPU
		{BAB57C5C-48AF-4183-98A3-0371AB4C9A44}.Ad-Hoc|ARM.ActiveCfg = Release|ARM
		{BAB57C5C-48AF-4183-98A3-0371AB4C9A44}.Ad-Hoc|ARM.Build.0 = Release|ARM
		{BAB57C5C-48AF-4183-98A3-0371AB4C9A44}.Ad-Hoc|ARM.Deploy.0 = Release|ARM
		{BAB57C5C-48AF-4183-98A3-0371AB4C9A44}.Ad-Hoc|iPhone.ActiveCfg = Release|Any CPU
		{BAB57C5C-48AF-4183-98A3-0371AB4C9A44}.Ad-Hoc|iPhoneSimulator.ActiveCfg = Release|Any CPU
		{BAB57C5C-48AF-4183-98A3-0371AB4C9A44}.Ad-Hoc|Mixed Platforms.ActiveCfg = Release|x86
		{BAB57C5C-48AF-4183-98A3-0371AB4C9A44}.Ad-Hoc|Mixed Platforms.Build.0 = Release|x86
		{BAB57C5C-48AF-4183-98A3-0371AB4C9A44}.Ad-Hoc|Mixed Platforms.Deploy.0 = Release|x86
		{BAB57C5C-48AF-4183-98A3-0371AB4C9A44}.Ad-Hoc|x86.ActiveCfg = Release|x86
		{BAB57C5C-48AF-4183-98A3-0371AB4C9A44}.Ad-Hoc|x86.Build.0 = Release|x86
		{BAB57C5C-48AF-4183-98A3-0371AB4C9A44}.Ad-Hoc|x86.Deploy.0 = Release|x86
		{BAB57C5C-48AF-4183-98A3-0371AB4C9A44}.AppStore|Any CPU.ActiveCfg = Release|Any CPU
		{BAB57C5C-48AF-4183-98A3-0371AB4C9A44}.AppStore|Any CPU.Build.0 = Release|Any CPU
		{BAB57C5C-48AF-4183-98A3-0371AB4C9A44}.AppStore|Any CPU.Deploy.0 = Release|Any CPU
		{BAB57C5C-48AF-4183-98A3-0371AB4C9A44}.AppStore|ARM.ActiveCfg = Release|ARM
		{BAB57C5C-48AF-4183-98A3-0371AB4C9A44}.AppStore|ARM.Build.0 = Release|ARM
		{BAB57C5C-48AF-4183-98A3-0371AB4C9A44}.AppStore|ARM.Deploy.0 = Release|ARM
		{BAB57C5C-48AF-4183-98A3-0371AB4C9A44}.AppStore|iPhone.ActiveCfg = Release|Any CPU
		{BAB57C5C-48AF-4183-98A3-0371AB4C9A44}.AppStore|iPhoneSimulator.ActiveCfg = Release|Any CPU
		{BAB57C5C-48AF-4183-98A3-0371AB4C9A44}.AppStore|Mixed Platforms.ActiveCfg = Release|x86
		{BAB57C5C-48AF-4183-98A3-0371AB4C9A44}.AppStore|Mixed Platforms.Build.0 = Release|x86
		{BAB57C5C-48AF-4183-98A3-0371AB4C9A44}.AppStore|Mixed Platforms.Deploy.0 = Release|x86
		{BAB57C5C-48AF-4183-98A3-0371AB4C9A44}.AppStore|x86.ActiveCfg = Release|x86
		{BAB57C5C-48AF-4183-98A3-0371AB4C9A44}.AppStore|x86.Build.0 = Release|x86
		{BAB57C5C-48AF-4183-98A3-0371AB4C9A44}.AppStore|x86.Deploy.0 = Release|x86
		{BAB57C5C-48AF-4183-98A3-0371AB4C9A44}.Debug|Any CPU.ActiveCfg = Debug|Any CPU
		{BAB57C5C-48AF-4183-98A3-0371AB4C9A44}.Debug|Any CPU.Build.0 = Debug|Any CPU
		{BAB57C5C-48AF-4183-98A3-0371AB4C9A44}.Debug|Any CPU.Deploy.0 = Debug|Any CPU
		{BAB57C5C-48AF-4183-98A3-0371AB4C9A44}.Debug|ARM.ActiveCfg = Debug|ARM
		{BAB57C5C-48AF-4183-98A3-0371AB4C9A44}.Debug|ARM.Build.0 = Debug|ARM
		{BAB57C5C-48AF-4183-98A3-0371AB4C9A44}.Debug|ARM.Deploy.0 = Debug|ARM
		{BAB57C5C-48AF-4183-98A3-0371AB4C9A44}.Debug|iPhone.ActiveCfg = Debug|Any CPU
		{BAB57C5C-48AF-4183-98A3-0371AB4C9A44}.Debug|iPhoneSimulator.ActiveCfg = Debug|Any CPU
		{BAB57C5C-48AF-4183-98A3-0371AB4C9A44}.Debug|Mixed Platforms.ActiveCfg = Debug|x86
		{BAB57C5C-48AF-4183-98A3-0371AB4C9A44}.Debug|Mixed Platforms.Build.0 = Debug|x86
		{BAB57C5C-48AF-4183-98A3-0371AB4C9A44}.Debug|Mixed Platforms.Deploy.0 = Debug|x86
		{BAB57C5C-48AF-4183-98A3-0371AB4C9A44}.Debug|x86.ActiveCfg = Debug|x86
		{BAB57C5C-48AF-4183-98A3-0371AB4C9A44}.Debug|x86.Build.0 = Debug|x86
		{BAB57C5C-48AF-4183-98A3-0371AB4C9A44}.Debug|x86.Deploy.0 = Debug|x86
		{BAB57C5C-48AF-4183-98A3-0371AB4C9A44}.Release|Any CPU.ActiveCfg = Release|Any CPU
		{BAB57C5C-48AF-4183-98A3-0371AB4C9A44}.Release|Any CPU.Build.0 = Release|Any CPU
		{BAB57C5C-48AF-4183-98A3-0371AB4C9A44}.Release|Any CPU.Deploy.0 = Release|Any CPU
		{BAB57C5C-48AF-4183-98A3-0371AB4C9A44}.Release|ARM.ActiveCfg = Release|ARM
		{BAB57C5C-48AF-4183-98A3-0371AB4C9A44}.Release|ARM.Build.0 = Release|ARM
		{BAB57C5C-48AF-4183-98A3-0371AB4C9A44}.Release|ARM.Deploy.0 = Release|ARM
		{BAB57C5C-48AF-4183-98A3-0371AB4C9A44}.Release|iPhone.ActiveCfg = Release|Any CPU
		{BAB57C5C-48AF-4183-98A3-0371AB4C9A44}.Release|iPhoneSimulator.ActiveCfg = Release|Any CPU
		{BAB57C5C-48AF-4183-98A3-0371AB4C9A44}.Release|Mixed Platforms.ActiveCfg = Release|x86
		{BAB57C5C-48AF-4183-98A3-0371AB4C9A44}.Release|Mixed Platforms.Build.0 = Release|x86
		{BAB57C5C-48AF-4183-98A3-0371AB4C9A44}.Release|Mixed Platforms.Deploy.0 = Release|x86
		{BAB57C5C-48AF-4183-98A3-0371AB4C9A44}.Release|x86.ActiveCfg = Release|x86
		{BAB57C5C-48AF-4183-98A3-0371AB4C9A44}.Release|x86.Build.0 = Release|x86
		{BAB57C5C-48AF-4183-98A3-0371AB4C9A44}.Release|x86.Deploy.0 = Release|x86
	EndGlobalSection
	GlobalSection(SolutionProperties) = preSolution
		HideSolutionNode = FALSE
	EndGlobalSection
	GlobalSection(NestedProjects) = preSolution
		{4B027E66-6FAD-4B51-9E3F-6EE788C6BDD1} = {7751643C-BDFA-4C73-A292-0885A39E2D9B}
		{A7359EB2-F981-4B7E-BBFC-5B32BA9D1A4A} = {7751643C-BDFA-4C73-A292-0885A39E2D9B}
		{B1A37817-4B87-449C-845A-7564E2947867} = {7751643C-BDFA-4C73-A292-0885A39E2D9B}
		{BAB57C5C-48AF-4183-98A3-0371AB4C9A44} = {7751643C-BDFA-4C73-A292-0885A39E2D9B}
	EndGlobalSection
EndGlobal
