
Microsoft Visual Studio Solution File, Format Version 12.00
# Visual Studio 2013
VisualStudioVersion = 12.0.31101.0
MinimumVisualStudioVersion = 10.0.40219.1
Project("{2150E333-8FDC-42A3-9474-1A3956D46DE8}") = "UI", "UI", "{BC1B069E-E4C4-4C26-8A25-BDE623C8C766}"
EndProject
Project("{D954291E-2A0B-460D-934E-DC6B0785DB48}") = "XFormsCrossTemplate.UI", "UI\XFormsCrossTemplate.UI\XFormsCrossTemplate.UI.shproj", "{DF4C5AA8-6531-426A-B67E-5E039BEC6AFC}"
EndProject
Project("{FAE04EC0-301F-11D3-BF4B-00C04F79EFBC}") = "XFormsCrossTemplate.UI.Droid", "UI\XFormsCrossTemplate.UI.Droid\XFormsCrossTemplate.UI.Droid.csproj", "{3014E579-93C6-4866-8171-0E7646FA55BB}"
EndProject
Project("{FAE04EC0-301F-11D3-BF4B-00C04F79EFBC}") = "XFormsCrossTemplate.UI.iOS", "UI\XFormsCrossTemplate.UI.iOS\XFormsCrossTemplate.UI.iOS.csproj", "{684A1A34-34E6-4757-AE6B-23B21D8FB765}"
EndProject
Project("{FAE04EC0-301F-11D3-BF4B-00C04F79EFBC}") = "XFormsCrossTemplate.UI.WinPhone", "UI\XFormsCrossTemplate.UI.WinPhone\XFormsCrossTemplate.UI.WinPhone.csproj", "{B714FC2A-E899-4C4C-A6DA-FB081629E729}"
EndProject
Global
	GlobalSection(SharedMSBuildProjectFiles) = preSolution
		UI\XFormsCrossTemplate.UI\XFormsCrossTemplate.UI.projitems*{b714fc2a-e899-4c4c-a6da-fb081629e729}*SharedItemsImports = 4
		UI\XFormsCrossTemplate.UI\XFormsCrossTemplate.UI.projitems*{3014e579-93c6-4866-8171-0e7646fa55bb}*SharedItemsImports = 4
		UI\XFormsCrossTemplate.UI\XFormsCrossTemplate.UI.projitems*{df4c5aa8-6531-426a-b67e-5e039bec6afc}*SharedItemsImports = 13
		UI\XFormsCrossTemplate.UI\XFormsCrossTemplate.UI.projitems*{684a1a34-34e6-4757-ae6b-23b21d8fb765}*SharedItemsImports = 4
	EndGlobalSection
	GlobalSection(SolutionConfigurationPlatforms) = preSolution
		Ad-Hoc|Any CPU = Ad-Hoc|Any CPU
		Ad-Hoc|ARM = Ad-Hoc|ARM
		Ad-Hoc|iPhone = Ad-Hoc|iPhone
		Ad-Hoc|iPhoneSimulator = Ad-Hoc|iPhoneSimulator
		Ad-Hoc|Mixed Platforms = Ad-Hoc|Mixed Platforms
		Ad-Hoc|x86 = Ad-Hoc|x86
		AppStore|Any CPU = AppStore|Any CPU
		AppStore|ARM = AppStore|ARM
		AppStore|iPhone = AppStore|iPhone
		AppStore|iPhoneSimulator = AppStore|iPhoneSimulator
		AppStore|Mixed Platforms = AppStore|Mixed Platforms
		AppStore|x86 = AppStore|x86
		Debug|Any CPU = Debug|Any CPU
		Debug|ARM = Debug|ARM
		Debug|iPhone = Debug|iPhone
		Debug|iPhoneSimulator = Debug|iPhoneSimulator
		Debug|Mixed Platforms = Debug|Mixed Platforms
		Debug|x86 = Debug|x86
		Release|Any CPU = Release|Any CPU
		Release|ARM = Release|ARM
		Release|iPhone = Release|iPhone
		Release|iPhoneSimulator = Release|iPhoneSimulator
		Release|Mixed Platforms = Release|Mixed Platforms
		Release|x86 = Release|x86
	EndGlobalSection
	GlobalSection(ProjectConfigurationPlatforms) = postSolution
		{3014E579-93C6-4866-8171-0E7646FA55BB}.Ad-Hoc|Any CPU.ActiveCfg = Release|Any CPU
		{3014E579-93C6-4866-8171-0E7646FA55BB}.Ad-Hoc|Any CPU.Build.0 = Release|Any CPU
		{3014E579-93C6-4866-8171-0E7646FA55BB}.Ad-Hoc|Any CPU.Deploy.0 = Release|Any CPU
		{3014E579-93C6-4866-8171-0E7646FA55BB}.Ad-Hoc|ARM.ActiveCfg = Release|Any CPU
		{3014E579-93C6-4866-8171-0E7646FA55BB}.Ad-Hoc|iPhone.ActiveCfg = Release|Any CPU
		{3014E579-93C6-4866-8171-0E7646FA55BB}.Ad-Hoc|iPhoneSimulator.ActiveCfg = Release|Any CPU
		{3014E579-93C6-4866-8171-0E7646FA55BB}.Ad-Hoc|Mixed Platforms.ActiveCfg = Release|Any CPU
		{3014E579-93C6-4866-8171-0E7646FA55BB}.Ad-Hoc|Mixed Platforms.Build.0 = Release|Any CPU
		{3014E579-93C6-4866-8171-0E7646FA55BB}.Ad-Hoc|Mixed Platforms.Deploy.0 = Release|Any CPU
		{3014E579-93C6-4866-8171-0E7646FA55BB}.Ad-Hoc|x86.ActiveCfg = Release|Any CPU
		{3014E579-93C6-4866-8171-0E7646FA55BB}.AppStore|Any CPU.ActiveCfg = Release|Any CPU
		{3014E579-93C6-4866-8171-0E7646FA55BB}.AppStore|Any CPU.Build.0 = Release|Any CPU
		{3014E579-93C6-4866-8171-0E7646FA55BB}.AppStore|Any CPU.Deploy.0 = Release|Any CPU
		{3014E579-93C6-4866-8171-0E7646FA55BB}.AppStore|ARM.ActiveCfg = Release|Any CPU
		{3014E579-93C6-4866-8171-0E7646FA55BB}.AppStore|iPhone.ActiveCfg = Release|Any CPU
		{3014E579-93C6-4866-8171-0E7646FA55BB}.AppStore|iPhoneSimulator.ActiveCfg = Release|Any CPU
		{3014E579-93C6-4866-8171-0E7646FA55BB}.AppStore|Mixed Platforms.ActiveCfg = Release|Any CPU
		{3014E579-93C6-4866-8171-0E7646FA55BB}.AppStore|Mixed Platforms.Build.0 = Release|Any CPU
		{3014E579-93C6-4866-8171-0E7646FA55BB}.AppStore|Mixed Platforms.Deploy.0 = Release|Any CPU
		{3014E579-93C6-4866-8171-0E7646FA55BB}.AppStore|x86.ActiveCfg = Release|Any CPU
		{3014E579-93C6-4866-8171-0E7646FA55BB}.Debug|Any CPU.ActiveCfg = Debug|Any CPU
		{3014E579-93C6-4866-8171-0E7646FA55BB}.Debug|Any CPU.Build.0 = Debug|Any CPU
		{3014E579-93C6-4866-8171-0E7646FA55BB}.Debug|Any CPU.Deploy.0 = Debug|Any CPU
		{3014E579-93C6-4866-8171-0E7646FA55BB}.Debug|ARM.ActiveCfg = Debug|Any CPU
		{3014E579-93C6-4866-8171-0E7646FA55BB}.Debug|iPhone.ActiveCfg = Debug|Any CPU
		{3014E579-93C6-4866-8171-0E7646FA55BB}.Debug|iPhoneSimulator.ActiveCfg = Debug|Any CPU
		{3014E579-93C6-4866-8171-0E7646FA55BB}.Debug|Mixed Platforms.ActiveCfg = Debug|Any CPU
		{3014E579-93C6-4866-8171-0E7646FA55BB}.Debug|Mixed Platforms.Build.0 = Debug|Any CPU
		{3014E579-93C6-4866-8171-0E7646FA55BB}.Debug|Mixed Platforms.Deploy.0 = Debug|Any CPU
		{3014E579-93C6-4866-8171-0E7646FA55BB}.Debug|x86.ActiveCfg = Debug|Any CPU
		{3014E579-93C6-4866-8171-0E7646FA55BB}.Release|Any CPU.ActiveCfg = Release|Any CPU
		{3014E579-93C6-4866-8171-0E7646FA55BB}.Release|Any CPU.Build.0 = Release|Any CPU
		{3014E579-93C6-4866-8171-0E7646FA55BB}.Release|Any CPU.Deploy.0 = Release|Any CPU
		{3014E579-93C6-4866-8171-0E7646FA55BB}.Release|ARM.ActiveCfg = Release|Any CPU
		{3014E579-93C6-4866-8171-0E7646FA55BB}.Release|iPhone.ActiveCfg = Release|Any CPU
		{3014E579-93C6-4866-8171-0E7646FA55BB}.Release|iPhoneSimulator.ActiveCfg = Release|Any CPU
		{3014E579-93C6-4866-8171-0E7646FA55BB}.Release|Mixed Platforms.ActiveCfg = Release|Any CPU
		{3014E579-93C6-4866-8171-0E7646FA55BB}.Release|Mixed Platforms.Build.0 = Release|Any CPU
		{3014E579-93C6-4866-8171-0E7646FA55BB}.Release|Mixed Platforms.Deploy.0 = Release|Any CPU
		{3014E579-93C6-4866-8171-0E7646FA55BB}.Release|x86.ActiveCfg = Release|Any CPU
		{684A1A34-34E6-4757-AE6B-23B21D8FB765}.Ad-Hoc|Any CPU.ActiveCfg = Ad-Hoc|iPhone
		{684A1A34-34E6-4757-AE6B-23B21D8FB765}.Ad-Hoc|ARM.ActiveCfg = Ad-Hoc|iPhone
		{684A1A34-34E6-4757-AE6B-23B21D8FB765}.Ad-Hoc|iPhone.ActiveCfg = Ad-Hoc|iPhone
		{684A1A34-34E6-4757-AE6B-23B21D8FB765}.Ad-Hoc|iPhone.Build.0 = Ad-Hoc|iPhone
		{684A1A34-34E6-4757-AE6B-23B21D8FB765}.Ad-Hoc|iPhoneSimulator.ActiveCfg = Ad-Hoc|iPhoneSimulator
		{684A1A34-34E6-4757-AE6B-23B21D8FB765}.Ad-Hoc|iPhoneSimulator.Build.0 = Ad-Hoc|iPhoneSimulator
		{684A1A34-34E6-4757-AE6B-23B21D8FB765}.Ad-Hoc|Mixed Platforms.ActiveCfg = Ad-Hoc|iPhone
		{684A1A34-34E6-4757-AE6B-23B21D8FB765}.Ad-Hoc|Mixed Platforms.Build.0 = Ad-Hoc|iPhone
		{684A1A34-34E6-4757-AE6B-23B21D8FB765}.Ad-Hoc|x86.ActiveCfg = Ad-Hoc|iPhone
		{684A1A34-34E6-4757-AE6B-23B21D8FB765}.AppStore|Any CPU.ActiveCfg = AppStore|iPhone
		{684A1A34-34E6-4757-AE6B-23B21D8FB765}.AppStore|ARM.ActiveCfg = AppStore|iPhone
		{684A1A34-34E6-4757-AE6B-23B21D8FB765}.AppStore|iPhone.ActiveCfg = AppStore|iPhone
		{684A1A34-34E6-4757-AE6B-23B21D8FB765}.AppStore|iPhone.Build.0 = AppStore|iPhone
		{684A1A34-34E6-4757-AE6B-23B21D8FB765}.AppStore|iPhoneSimulator.ActiveCfg = AppStore|iPhoneSimulator
		{684A1A34-34E6-4757-AE6B-23B21D8FB765}.AppStore|iPhoneSimulator.Build.0 = AppStore|iPhoneSimulator
		{684A1A34-34E6-4757-AE6B-23B21D8FB765}.AppStore|Mixed Platforms.ActiveCfg = AppStore|iPhone
		{684A1A34-34E6-4757-AE6B-23B21D8FB765}.AppStore|Mixed Platforms.Build.0 = AppStore|iPhone
		{684A1A34-34E6-4757-AE6B-23B21D8FB765}.AppStore|x86.ActiveCfg = AppStore|iPhone
		{684A1A34-34E6-4757-AE6B-23B21D8FB765}.Debug|Any CPU.ActiveCfg = Debug|iPhone
		{684A1A34-34E6-4757-AE6B-23B21D8FB765}.Debug|ARM.ActiveCfg = Debug|iPhone
		{684A1A34-34E6-4757-AE6B-23B21D8FB765}.Debug|iPhone.ActiveCfg = Debug|iPhone
		{684A1A34-34E6-4757-AE6B-23B21D8FB765}.Debug|iPhone.Build.0 = Debug|iPhone
		{684A1A34-34E6-4757-AE6B-23B21D8FB765}.Debug|iPhoneSimulator.ActiveCfg = Debug|iPhoneSimulator
		{684A1A34-34E6-4757-AE6B-23B21D8FB765}.Debug|iPhoneSimulator.Build.0 = Debug|iPhoneSimulator
		{684A1A34-34E6-4757-AE6B-23B21D8FB765}.Debug|Mixed Platforms.ActiveCfg = Debug|iPhone
		{684A1A34-34E6-4757-AE6B-23B21D8FB765}.Debug|Mixed Platforms.Build.0 = Debug|iPhone
		{684A1A34-34E6-4757-AE6B-23B21D8FB765}.Debug|x86.ActiveCfg = Debug|iPhone
		{684A1A34-34E6-4757-AE6B-23B21D8FB765}.Release|Any CPU.ActiveCfg = Release|iPhone
		{684A1A34-34E6-4757-AE6B-23B21D8FB765}.Release|ARM.ActiveCfg = Release|iPhone
		{684A1A34-34E6-4757-AE6B-23B21D8FB765}.Release|iPhone.ActiveCfg = Release|iPhone
		{684A1A34-34E6-4757-AE6B-23B21D8FB765}.Release|iPhone.Build.0 = Release|iPhone
		{684A1A34-34E6-4757-AE6B-23B21D8FB765}.Release|iPhoneSimulator.ActiveCfg = Release|iPhoneSimulator
		{684A1A34-34E6-4757-AE6B-23B21D8FB765}.Release|iPhoneSimulator.Build.0 = Release|iPhoneSimulator
		{684A1A34-34E6-4757-AE6B-23B21D8FB765}.Release|Mixed Platforms.ActiveCfg = Release|iPhone
		{684A1A34-34E6-4757-AE6B-23B21D8FB765}.Release|Mixed Platforms.Build.0 = Release|iPhone
		{684A1A34-34E6-4757-AE6B-23B21D8FB765}.Release|x86.ActiveCfg = Release|iPhone
		{B714FC2A-E899-4C4C-A6DA-FB081629E729}.Ad-Hoc|Any CPU.ActiveCfg = Release|Any CPU
		{B714FC2A-E899-4C4C-A6DA-FB081629E729}.Ad-Hoc|Any CPU.Build.0 = Release|Any CPU
		{B714FC2A-E899-4C4C-A6DA-FB081629E729}.Ad-Hoc|Any CPU.Deploy.0 = Release|Any CPU
		{B714FC2A-E899-4C4C-A6DA-FB081629E729}.Ad-Hoc|ARM.ActiveCfg = Release|ARM
		{B714FC2A-E899-4C4C-A6DA-FB081629E729}.Ad-Hoc|ARM.Build.0 = Release|ARM
		{B714FC2A-E899-4C4C-A6DA-FB081629E729}.Ad-Hoc|ARM.Deploy.0 = Release|ARM
		{B714FC2A-E899-4C4C-A6DA-FB081629E729}.Ad-Hoc|iPhone.ActiveCfg = Release|Any CPU
		{B714FC2A-E899-4C4C-A6DA-FB081629E729}.Ad-Hoc|iPhoneSimulator.ActiveCfg = Release|Any CPU
		{B714FC2A-E899-4C4C-A6DA-FB081629E729}.Ad-Hoc|Mixed Platforms.ActiveCfg = Release|x86
		{B714FC2A-E899-4C4C-A6DA-FB081629E729}.Ad-Hoc|Mixed Platforms.Build.0 = Release|x86
		{B714FC2A-E899-4C4C-A6DA-FB081629E729}.Ad-Hoc|Mixed Platforms.Deploy.0 = Release|x86
		{B714FC2A-E899-4C4C-A6DA-FB081629E729}.Ad-Hoc|x86.ActiveCfg = Release|x86
		{B714FC2A-E899-4C4C-A6DA-FB081629E729}.Ad-Hoc|x86.Build.0 = Release|x86
		{B714FC2A-E899-4C4C-A6DA-FB081629E729}.Ad-Hoc|x86.Deploy.0 = Release|x86
		{B714FC2A-E899-4C4C-A6DA-FB081629E729}.AppStore|Any CPU.ActiveCfg = Release|Any CPU
		{B714FC2A-E899-4C4C-A6DA-FB081629E729}.AppStore|Any CPU.Build.0 = Release|Any CPU
		{B714FC2A-E899-4C4C-A6DA-FB081629E729}.AppStore|Any CPU.Deploy.0 = Release|Any CPU
		{B714FC2A-E899-4C4C-A6DA-FB081629E729}.AppStore|ARM.ActiveCfg = Release|ARM
		{B714FC2A-E899-4C4C-A6DA-FB081629E729}.AppStore|ARM.Build.0 = Release|ARM
		{B714FC2A-E899-4C4C-A6DA-FB081629E729}.AppStore|ARM.Deploy.0 = Release|ARM
		{B714FC2A-E899-4C4C-A6DA-FB081629E729}.AppStore|iPhone.ActiveCfg = Release|Any CPU
		{B714FC2A-E899-4C4C-A6DA-FB081629E729}.AppStore|iPhoneSimulator.ActiveCfg = Release|Any CPU
		{B714FC2A-E899-4C4C-A6DA-FB081629E729}.AppStore|Mixed Platforms.ActiveCfg = Release|x86
		{B714FC2A-E899-4C4C-A6DA-FB081629E729}.AppStore|Mixed Platforms.Build.0 = Release|x86
		{B714FC2A-E899-4C4C-A6DA-FB081629E729}.AppStore|Mixed Platforms.Deploy.0 = Release|x86
		{B714FC2A-E899-4C4C-A6DA-FB081629E729}.AppStore|x86.ActiveCfg = Release|x86
		{B714FC2A-E899-4C4C-A6DA-FB081629E729}.AppStore|x86.Build.0 = Release|x86
		{B714FC2A-E899-4C4C-A6DA-FB081629E729}.AppStore|x86.Deploy.0 = Release|x86
		{B714FC2A-E899-4C4C-A6DA-FB081629E729}.Debug|Any CPU.ActiveCfg = Debug|Any CPU
		{B714FC2A-E899-4C4C-A6DA-FB081629E729}.Debug|Any CPU.Build.0 = Debug|Any CPU
		{B714FC2A-E899-4C4C-A6DA-FB081629E729}.Debug|Any CPU.Deploy.0 = Debug|Any CPU
		{B714FC2A-E899-4C4C-A6DA-FB081629E729}.Debug|ARM.ActiveCfg = Debug|ARM
		{B714FC2A-E899-4C4C-A6DA-FB081629E729}.Debug|ARM.Build.0 = Debug|ARM
		{B714FC2A-E899-4C4C-A6DA-FB081629E729}.Debug|ARM.Deploy.0 = Debug|ARM
		{B714FC2A-E899-4C4C-A6DA-FB081629E729}.Debug|iPhone.ActiveCfg = Debug|Any CPU
		{B714FC2A-E899-4C4C-A6DA-FB081629E729}.Debug|iPhoneSimulator.ActiveCfg = Debug|Any CPU
		{B714FC2A-E899-4C4C-A6DA-FB081629E729}.Debug|Mixed Platforms.ActiveCfg = Debug|x86
		{B714FC2A-E899-4C4C-A6DA-FB081629E729}.Debug|Mixed Platforms.Build.0 = Debug|x86
		{B714FC2A-E899-4C4C-A6DA-FB081629E729}.Debug|Mixed Platforms.Deploy.0 = Debug|x86
		{B714FC2A-E899-4C4C-A6DA-FB081629E729}.Debug|x86.ActiveCfg = Debug|x86
		{B714FC2A-E899-4C4C-A6DA-FB081629E729}.Debug|x86.Build.0 = Debug|x86
		{B714FC2A-E899-4C4C-A6DA-FB081629E729}.Debug|x86.Deploy.0 = Debug|x86
		{B714FC2A-E899-4C4C-A6DA-FB081629E729}.Release|Any CPU.ActiveCfg = Release|Any CPU
		{B714FC2A-E899-4C4C-A6DA-FB081629E729}.Release|Any CPU.Build.0 = Release|Any CPU
		{B714FC2A-E899-4C4C-A6DA-FB081629E729}.Release|Any CPU.Deploy.0 = Release|Any CPU
		{B714FC2A-E899-4C4C-A6DA-FB081629E729}.Release|ARM.ActiveCfg = Release|ARM
		{B714FC2A-E899-4C4C-A6DA-FB081629E729}.Release|ARM.Build.0 = Release|ARM
		{B714FC2A-E899-4C4C-A6DA-FB081629E729}.Release|ARM.Deploy.0 = Release|ARM
		{B714FC2A-E899-4C4C-A6DA-FB081629E729}.Release|iPhone.ActiveCfg = Release|Any CPU
		{B714FC2A-E899-4C4C-A6DA-FB081629E729}.Release|iPhoneSimulator.ActiveCfg = Release|Any CPU
		{B714FC2A-E899-4C4C-A6DA-FB081629E729}.Release|Mixed Platforms.ActiveCfg = Release|x86
		{B714FC2A-E899-4C4C-A6DA-FB081629E729}.Release|Mixed Platforms.Build.0 = Release|x86
		{B714FC2A-E899-4C4C-A6DA-FB081629E729}.Release|Mixed Platforms.Deploy.0 = Release|x86
		{B714FC2A-E899-4C4C-A6DA-FB081629E729}.Release|x86.ActiveCfg = Release|x86
		{B714FC2A-E899-4C4C-A6DA-FB081629E729}.Release|x86.Build.0 = Release|x86
		{B714FC2A-E899-4C4C-A6DA-FB081629E729}.Release|x86.Deploy.0 = Release|x86
	EndGlobalSection
	GlobalSection(SolutionProperties) = preSolution
		HideSolutionNode = FALSE
	EndGlobalSection
	GlobalSection(NestedProjects) = preSolution
		{DF4C5AA8-6531-426A-B67E-5E039BEC6AFC} = {BC1B069E-E4C4-4C26-8A25-BDE623C8C766}
		{3014E579-93C6-4866-8171-0E7646FA55BB} = {BC1B069E-E4C4-4C26-8A25-BDE623C8C766}
		{684A1A34-34E6-4757-AE6B-23B21D8FB765} = {BC1B069E-E4C4-4C26-8A25-BDE623C8C766}
		{B714FC2A-E899-4C4C-A6DA-FB081629E729} = {BC1B069E-E4C4-4C26-8A25-BDE623C8C766}
	EndGlobalSection
EndGlobal
